<?xml version="1.0" encoding="utf-8"?>
<Project ToolsVersion="4.0" xmlns="http://schemas.microsoft.com/developer/msbuild/2003">
  <ItemGroup>
    <Filter Include="Source Files">
      <UniqueIdentifier>{4FC737F1-C7A5-4376-A066-2A32D752A2FF}</UniqueIdentifier>
      <Extensions>cpp;c;cc;cxx;def;odl;idl;hpj;bat;asm;asmx</Extensions>
    </Filter>
    <Filter Include="Resource Files">
      <UniqueIdentifier>{67DA6AB6-F800-4c08-8B7A-83BB121AAD01}</UniqueIdentifier>
      <Extensions>rc;ico;cur;bmp;dlg;rc2;rct;bin;rgs;gif;jpg;jpeg;jpe;resx;tiff;tif;png;wav;mfcribbon-ms</Extensions>
    </Filter>
    <Filter Include="Source Files\Engine">
      <UniqueIdentifier>{fe560c4a-5726-4bb3-9f20-2c37d6ff0c5d}</UniqueIdentifier>
    </Filter>
    <Filter Include="Source Files\Objects">
      <UniqueIdentifier>{da0231be-4900-4c45-9526-e404f514ae75}</UniqueIdentifier>
    </Filter>
    <Filter Include="Source Files\Events">
      <UniqueIdentifier>{9ce65e00-5052-401b-ad89-5bdabafddde9}</UniqueIdentifier>
    </Filter>
    <Filter Include="Source Files\Control">
      <UniqueIdentifier>{013c5802-2eb4-4c59-9070-3b0d0098d357}</UniqueIdentifier>
    </Filter>
    <Filter Include="Source Files\Assets">
      <UniqueIdentifier>{c8be98fb-0d8e-4d0d-a1ec-31b28ddb1c00}</UniqueIdentifier>
    </Filter>
    <Filter Include="Source Files\Collision">
      <UniqueIdentifier>{decaf54d-87fd-41b1-96ba-93b88fcb855a}</UniqueIdentifier>
    </Filter>
    <Filter Include="Source Files\Dependencies">
      <UniqueIdentifier>{57732f40-5d0c-4359-95ba-1f1be0610a34}</UniqueIdentifier>
    </Filter>
    <Filter Include="Source Files\Dependencies\glad">
      <UniqueIdentifier>{c84af736-fd55-4abe-b58c-e3503a961695}</UniqueIdentifier>
    </Filter>
    <Filter Include="Source Files\UI">
      <UniqueIdentifier>{7bd5b48f-9258-4841-8c65-2296dfa22210}</UniqueIdentifier>
    </Filter>
    <Filter Include="Source Files\Dependencies\stb">
      <UniqueIdentifier>{822b220c-b11c-457b-a9b1-9ddcae47c41f}</UniqueIdentifier>
    </Filter>
  </ItemGroup>
  <ItemGroup>
    <None Include="packages.config" />
  </ItemGroup>
  <ItemGroup>
    <ClCompile Include="Dependencies\glad\glad.c">
      <Filter>Source Files\Dependencies\glad</Filter>
    </ClCompile>
    <ClCompile Include="Events\EventDispatcher.cpp">
      <Filter>Source Files\Events</Filter>
    </ClCompile>
    <ClCompile Include="Engine\Stopwatch.cpp">
      <Filter>Source Files\Engine</Filter>
    </ClCompile>
    <ClCompile Include="Assets\ShaderProgram.cpp">
      <Filter>Source Files\Assets</Filter>
    </ClCompile>
    <ClCompile Include="Assets\ModelLoader.cpp">
      <Filter>Source Files\Assets</Filter>
    </ClCompile>
    <ClCompile Include="Assets\Model3D.cpp">
      <Filter>Source Files\Assets</Filter>
    </ClCompile>
    <ClCompile Include="Assets\Material.cpp">
      <Filter>Source Files\Assets</Filter>
    </ClCompile>
    <ClCompile Include="Assets\Texture.cpp">
      <Filter>Source Files\Assets</Filter>
    </ClCompile>
    <ClCompile Include="Assets\TextureMaterial.cpp">
      <Filter>Source Files\Assets</Filter>
    </ClCompile>
    <ClCompile Include="Assets\ColorMaterial.cpp">
      <Filter>Source Files\Assets</Filter>
    </ClCompile>
    <ClCompile Include="Assets\AnimatedTexture.cpp">
      <Filter>Source Files\Assets</Filter>
    </ClCompile>
    <ClCompile Include="Assets\LoopSubdivider.cpp">
      <Filter>Source Files\Assets</Filter>
    </ClCompile>
    <ClCompile Include="Objects\Object3D.cpp">
      <Filter>Source Files\Objects</Filter>
    </ClCompile>
    <ClCompile Include="Objects\PhysicalObject3D.cpp">
      <Filter>Source Files\Objects</Filter>
    </ClCompile>
    <ClCompile Include="Objects\ILight3D.cpp">
      <Filter>Source Files\Objects</Filter>
    </ClCompile>
    <ClCompile Include="Objects\AmbientLight.cpp">
      <Filter>Source Files\Objects</Filter>
    </ClCompile>
    <ClCompile Include="Objects\Camera3D.cpp">
      <Filter>Source Files\Objects</Filter>
    </ClCompile>
    <ClCompile Include="Objects\DirectionalLight.cpp">
      <Filter>Source Files\Objects</Filter>
    </ClCompile>
    <ClCompile Include="Objects\ParticleEmitter.cpp">
      <Filter>Source Files\Objects</Filter>
    </ClCompile>
    <ClCompile Include="Objects\Skybox.cpp">
      <Filter>Source Files\Objects</Filter>
    </ClCompile>
    <ClCompile Include="Objects\SpringArm.cpp">
      <Filter>Source Files\Objects</Filter>
    </ClCompile>
    <ClCompile Include="Objects\Billboard.cpp">
      <Filter>Source Files\Objects</Filter>
    </ClCompile>
    <ClCompile Include="Objects\Particle.cpp">
      <Filter>Source Files\Objects</Filter>
    </ClCompile>
    <ClCompile Include="Control\Controller.cpp">
      <Filter>Source Files\Control</Filter>
    </ClCompile>
    <ClCompile Include="Collision\BoundingSphere.cpp">
      <Filter>Source Files\Collision</Filter>
    </ClCompile>
    <ClCompile Include="Collision\BoundingMultiSphere.cpp">
      <Filter>Source Files\Collision</Filter>
    </ClCompile>
    <ClCompile Include="Collision\BoundingBox.cpp">
      <Filter>Source Files\Collision</Filter>
    </ClCompile>
    <ClCompile Include="Collision\IntersectDetector.cpp">
      <Filter>Source Files\Collision</Filter>
    </ClCompile>
    <ClCompile Include="Collision\ICollisionDetector.cpp">
      <Filter>Source Files\Collision</Filter>
    </ClCompile>
    <ClCompile Include="Collision\SimpleCollisionDetector.cpp">
      <Filter>Source Files\Collision</Filter>
    </ClCompile>
    <ClCompile Include="Collision\GridCollisionDetector.cpp">
      <Filter>Source Files\Collision</Filter>
    </ClCompile>
    <ClCompile Include="Collision\ICollisionResponse.cpp">
      <Filter>Source Files\Collision</Filter>
    </ClCompile>
    <ClCompile Include="UI\Text.cpp">
      <Filter>Source Files\UI</Filter>
    </ClCompile>
    <ClCompile Include="UI\ProgressBar.cpp">
      <Filter>Source Files\UI</Filter>
    </ClCompile>
    <ClCompile Include="Engine\Quad.cpp">
      <Filter>Source Files\Engine</Filter>
    </ClCompile>
    <ClCompile Include="Engine\DrawObjectsIterator.cpp">
      <Filter>Source Files\Engine</Filter>
    </ClCompile>
    <ClCompile Include="Engine\WorldObjectIterator.cpp">
      <Filter>Source Files\Engine</Filter>
    </ClCompile>
    <ClCompile Include="Engine\UpdateObjectsIterator.cpp">
      <Filter>Source Files\Engine</Filter>
    </ClCompile>
    <ClCompile Include="Engine\Renderer.cpp">
      <Filter>Source Files\Engine</Filter>
    </ClCompile>
    <ClCompile Include="Engine\FrameBufferRenderer.cpp">
      <Filter>Source Files\Engine</Filter>
    </ClCompile>
    <ClCompile Include="Engine\Renderer3D.cpp">
      <Filter>Source Files\Engine</Filter>
    </ClCompile>
    <ClCompile Include="Engine\GameEngine.cpp">
      <Filter>Source Files\Engine</Filter>
    </ClCompile>
  </ItemGroup>
  <ItemGroup>
    <ClInclude Include="Engine\DrawObjectsIterator.h">
      <Filter>Source Files\Engine</Filter>
    </ClInclude>
    <ClInclude Include="Engine\FrameBufferRenderer.h">
      <Filter>Source Files\Engine</Filter>
    </ClInclude>
    <ClInclude Include="Engine\GameEngine.h">
      <Filter>Source Files\Engine</Filter>
    </ClInclude>
    <ClInclude Include="Engine\Quad.h">
      <Filter>Source Files\Engine</Filter>
    </ClInclude>
    <ClInclude Include="Engine\Renderer.h">
      <Filter>Source Files\Engine</Filter>
    </ClInclude>
    <ClInclude Include="Engine\Renderer3D.h">
      <Filter>Source Files\Engine</Filter>
    </ClInclude>
    <ClInclude Include="Engine\Stopwatch.h">
      <Filter>Source Files\Engine</Filter>
    </ClInclude>
    <ClInclude Include="Engine\UpdateObjectsIterator.h">
      <Filter>Source Files\Engine</Filter>
    </ClInclude>
    <ClInclude Include="Engine\WorldObjectsIterator.h">
      <Filter>Source Files\Engine</Filter>
    </ClInclude>
    <ClInclude Include="Events\EventDispatcher.h">
      <Filter>Source Files\Events</Filter>
    </ClInclude>
    <ClInclude Include="Control\Controller.h">
      <Filter>Source Files\Control</Filter>
    </ClInclude>
    <ClInclude Include="Control\IControllable.h">
      <Filter>Source Files\Control</Filter>
    </ClInclude>
    <ClInclude Include="Assets\AnimatedTexture.h">
      <Filter>Source Files\Assets</Filter>
    </ClInclude>
    <ClInclude Include="Assets\ColorMaterial.h">
      <Filter>Source Files\Assets</Filter>
    </ClInclude>
    <ClInclude Include="Assets\LoopSubdivider.h">
      <Filter>Source Files\Assets</Filter>
    </ClInclude>
    <ClInclude Include="Assets\Material.h">
      <Filter>Source Files\Assets</Filter>
    </ClInclude>
    <ClInclude Include="Assets\Model3D.h">
      <Filter>Source Files\Assets</Filter>
    </ClInclude>
    <ClInclude Include="Assets\ModelLoader.h">
      <Filter>Source Files\Assets</Filter>
    </ClInclude>
    <ClInclude Include="Assets\ShaderProgram.h">
      <Filter>Source Files\Assets</Filter>
    </ClInclude>
    <ClInclude Include="Assets\Texture.h">
      <Filter>Source Files\Assets</Filter>
    </ClInclude>
    <ClInclude Include="Assets\TextureMaterial.h">
      <Filter>Source Files\Assets</Filter>
    </ClInclude>
    <ClInclude Include="Collision\BoundingBox.h">
      <Filter>Source Files\Collision</Filter>
    </ClInclude>
    <ClInclude Include="Collision\BoundingMultiSphere.h">
      <Filter>Source Files\Collision</Filter>
    </ClInclude>
    <ClInclude Include="Collision\BoundingSphere.h">
      <Filter>Source Files\Collision</Filter>
    </ClInclude>
    <ClInclude Include="Collision\GridCollisionDetector.h">
      <Filter>Source Files\Collision</Filter>
    </ClInclude>
    <ClInclude Include="Collision\ICollisionDetector.h">
      <Filter>Source Files\Collision</Filter>
    </ClInclude>
    <ClInclude Include="Collision\ICollisionRegion.h">
      <Filter>Source Files\Collision</Filter>
    </ClInclude>
    <ClInclude Include="Collision\ICollisionResponse.h">
      <Filter>Source Files\Collision</Filter>
    </ClInclude>
    <ClInclude Include="Collision\IntersectDetector.h">
      <Filter>Source Files\Collision</Filter>
    </ClInclude>
    <ClInclude Include="Collision\SimpleCollisionDetector.h">
      <Filter>Source Files\Collision</Filter>
    </ClInclude>
    <ClInclude Include="UI\ProgressBar.h">
      <Filter>Source Files\UI</Filter>
    </ClInclude>
    <ClInclude Include="UI\Text.h">
      <Filter>Source Files\UI</Filter>
    </ClInclude>
    <ClInclude Include="Objects\AmbientLight.h">
      <Filter>Source Files\Objects</Filter>
    </ClInclude>
    <ClInclude Include="Objects\Billboard.h">
      <Filter>Source Files\Objects</Filter>
    </ClInclude>
    <ClInclude Include="Objects\Camera3D.h">
      <Filter>Source Files\Objects</Filter>
    </ClInclude>
    <ClInclude Include="Objects\DirectionalLight.h">
      <Filter>Source Files\Objects</Filter>
    </ClInclude>
    <ClInclude Include="Objects\ILight3D.h">
      <Filter>Source Files\Objects</Filter>
    </ClInclude>
    <ClInclude Include="Objects\Object3D.h">
      <Filter>Source Files\Objects</Filter>
    </ClInclude>
    <ClInclude Include="Objects\Particle.h">
      <Filter>Source Files\Objects</Filter>
    </ClInclude>
    <ClInclude Include="Objects\ParticleEmitter.h">
      <Filter>Source Files\Objects</Filter>
    </ClInclude>
    <ClInclude Include="Objects\PhysicalObject3D.h">
      <Filter>Source Files\Objects</Filter>
    </ClInclude>
    <ClInclude Include="Objects\Skybox.h">
      <Filter>Source Files\Objects</Filter>
    </ClInclude>
    <ClInclude Include="Objects\SpringArm.h">
      <Filter>Source Files\Objects</Filter>
    </ClInclude>
    <ClInclude Include="Dependencies\OpenGL.h">
      <Filter>Source Files\Dependencies</Filter>
    </ClInclude>
    <ClInclude Include="Dependencies\glad\glad.h">
      <Filter>Source Files\Dependencies\glad</Filter>
    </ClInclude>
    <ClInclude Include="Dependencies\glad\khrplatform.h">
      <Filter>Source Files\Dependencies\glad</Filter>
    </ClInclude>
    <ClInclude Include="Dependencies\stb\stb_image.h">
      <Filter>Source Files\Dependencies\stb</Filter>
    </ClInclude>
  </ItemGroup>
  <ItemGroup>
    <Natvis Include="DebuggerVisualization.natvis" />
  </ItemGroup>
</Project>